
Microsoft Visual Studio Solution File, Format Version 12.00
# Visual Studio Version 17
VisualStudioVersion = 17.14.37012.4 d17.14
MinimumVisualStudioVersion = 10.0.40219.1
Project("{FAE04EC0-301F-11D3-BF4B-00C04F79EFBC}") = "Ex5", "Ex5.csproj", "{F78B19AB-1FBA-49FB-8216-8478B910488B}"
EndProject
Global
	GlobalSection(SolutionConfigurationPlatforms) = preSolution
		Debug|Any CPU = Debug|Any CPU
		Release|Any CPU = Release|Any CPU
	EndGlobalSection
	GlobalSection(ProjectConfigurationPlatforms) = postSolution
		{F78B19AB-1FBA-49FB-8216-8478B910488B}.Debug|Any CPU.ActiveCfg = Debug|Any CPU
		{F78B19AB-1FBA-49FB-8216-8478B910488B}.Debug|Any CPU.Build.0 = Debug|Any CPU
		{F78B19AB-1FBA-49FB-8216-8478B910488B}.Release|Any CPU.ActiveCfg = Release|Any CPU
		{F78B19AB-1FBA-49FB-8216-8478B910488B}.Release|Any CPU.Build.0 = Release|Any CPU
	EndGlobalSection
	GlobalSection(SolutionProperties) = preSolution
		HideSolutionNode = FALSE
	EndGlobalSection
	GlobalSection(ExtensibilityGlobals) = postSolution
		SolutionGuid = {8F551273-A6F7-450C-B089-430B4AAFE135}
	EndGlobalSection
EndGlobal
