
Microsoft Visual Studio Solution File, Format Version 12.00
# Visual Studio Version 17
VisualStudioVersion = 17.14.37012.4 d17.14
MinimumVisualStudioVersion = 10.0.40219.1
Project("{FAE04EC0-301F-11D3-BF4B-00C04F79EFBC}") = "Ex10", "Ex10.csproj", "{BD4DFB6A-7D9A-41EC-86D1-947AB5A35894}"
EndProject
Global
	GlobalSection(SolutionConfigurationPlatforms) = preSolution
		Debug|Any CPU = Debug|Any CPU
		Release|Any CPU = Release|Any CPU
	EndGlobalSection
	GlobalSection(ProjectConfigurationPlatforms) = postSolution
		{BD4DFB6A-7D9A-41EC-86D1-947AB5A35894}.Debug|Any CPU.ActiveCfg = Debug|Any CPU
		{BD4DFB6A-7D9A-41EC-86D1-947AB5A35894}.Debug|Any CPU.Build.0 = Debug|Any CPU
		{BD4DFB6A-7D9A-41EC-86D1-947AB5A35894}.Release|Any CPU.ActiveCfg = Release|Any CPU
		{BD4DFB6A-7D9A-41EC-86D1-947AB5A35894}.Release|Any CPU.Build.0 = Release|Any CPU
	EndGlobalSection
	GlobalSection(SolutionProperties) = preSolution
		HideSolutionNode = FALSE
	EndGlobalSection
	GlobalSection(ExtensibilityGlobals) = postSolution
		SolutionGuid = {AABD144F-8152-40EF-87E2-B57913D73D3F}
	EndGlobalSection
EndGlobal
