
Microsoft Visual Studio Solution File, Format Version 12.00
# Visual Studio Version 17
VisualStudioVersion = 17.14.36518.9 d17.14
MinimumVisualStudioVersion = 10.0.40219.1
Project("{FAE04EC0-301F-11D3-BF4B-00C04F79EFBC}") = "Ex4", "Ex4.csproj", "{075BB2DE-15CA-44C6-B0BC-B45E548467F3}"
EndProject
Global
	GlobalSection(SolutionConfigurationPlatforms) = preSolution
		Debug|Any CPU = Debug|Any CPU
		Release|Any CPU = Release|Any CPU
	EndGlobalSection
	GlobalSection(ProjectConfigurationPlatforms) = postSolution
		{075BB2DE-15CA-44C6-B0BC-B45E548467F3}.Debug|Any CPU.ActiveCfg = Debug|Any CPU
		{075BB2DE-15CA-44C6-B0BC-B45E548467F3}.Debug|Any CPU.Build.0 = Debug|Any CPU
		{075BB2DE-15CA-44C6-B0BC-B45E548467F3}.Release|Any CPU.ActiveCfg = Release|Any CPU
		{075BB2DE-15CA-44C6-B0BC-B45E548467F3}.Release|Any CPU.Build.0 = Release|Any CPU
	EndGlobalSection
	GlobalSection(SolutionProperties) = preSolution
		HideSolutionNode = FALSE
	EndGlobalSection
	GlobalSection(ExtensibilityGlobals) = postSolution
		SolutionGuid = {FA6AD3AA-3891-4C8D-BE3E-28CF1E0BF342}
	EndGlobalSection
EndGlobal
