
Microsoft Visual Studio Solution File, Format Version 12.00
# Visual Studio Version 17
VisualStudioVersion = 17.14.37012.4 d17.14
MinimumVisualStudioVersion = 10.0.40219.1
Project("{FAE04EC0-301F-11D3-BF4B-00C04F79EFBC}") = "Ex4", "Ex4.csproj", "{69DCF353-2804-441D-88E4-A6DD09AD42EB}"
EndProject
Global
	GlobalSection(SolutionConfigurationPlatforms) = preSolution
		Debug|Any CPU = Debug|Any CPU
		Release|Any CPU = Release|Any CPU
	EndGlobalSection
	GlobalSection(ProjectConfigurationPlatforms) = postSolution
		{69DCF353-2804-441D-88E4-A6DD09AD42EB}.Debug|Any CPU.ActiveCfg = Debug|Any CPU
		{69DCF353-2804-441D-88E4-A6DD09AD42EB}.Debug|Any CPU.Build.0 = Debug|Any CPU
		{69DCF353-2804-441D-88E4-A6DD09AD42EB}.Release|Any CPU.ActiveCfg = Release|Any CPU
		{69DCF353-2804-441D-88E4-A6DD09AD42EB}.Release|Any CPU.Build.0 = Release|Any CPU
	EndGlobalSection
	GlobalSection(SolutionProperties) = preSolution
		HideSolutionNode = FALSE
	EndGlobalSection
	GlobalSection(ExtensibilityGlobals) = postSolution
		SolutionGuid = {998FF48B-1D67-41F2-902B-0F6BDEB9F953}
	EndGlobalSection
EndGlobal
