
Microsoft Visual Studio Solution File, Format Version 12.00
# Visual Studio Version 17
VisualStudioVersion = 17.14.37012.4 d17.14
MinimumVisualStudioVersion = 10.0.40219.1
Project("{FAE04EC0-301F-11D3-BF4B-00C04F79EFBC}") = "Ex18", "Ex18.csproj", "{724CDAAE-7B60-4340-9643-68BA085AC9AC}"
EndProject
Global
	GlobalSection(SolutionConfigurationPlatforms) = preSolution
		Debug|Any CPU = Debug|Any CPU
		Release|Any CPU = Release|Any CPU
	EndGlobalSection
	GlobalSection(ProjectConfigurationPlatforms) = postSolution
		{724CDAAE-7B60-4340-9643-68BA085AC9AC}.Debug|Any CPU.ActiveCfg = Debug|Any CPU
		{724CDAAE-7B60-4340-9643-68BA085AC9AC}.Debug|Any CPU.Build.0 = Debug|Any CPU
		{724CDAAE-7B60-4340-9643-68BA085AC9AC}.Release|Any CPU.ActiveCfg = Release|Any CPU
		{724CDAAE-7B60-4340-9643-68BA085AC9AC}.Release|Any CPU.Build.0 = Release|Any CPU
	EndGlobalSection
	GlobalSection(SolutionProperties) = preSolution
		HideSolutionNode = FALSE
	EndGlobalSection
	GlobalSection(ExtensibilityGlobals) = postSolution
		SolutionGuid = {DF48240B-7E9A-4324-A821-375F993B2DA3}
	EndGlobalSection
EndGlobal
