
Microsoft Visual Studio Solution File, Format Version 12.00
# Visual Studio Version 17
VisualStudioVersion = 17.14.36518.9 d17.14
MinimumVisualStudioVersion = 10.0.40219.1
Project("{FAE04EC0-301F-11D3-BF4B-00C04F79EFBC}") = "Ex3", "Ex3.csproj", "{FE8AC7CF-3D5D-45CD-B7E2-412A8D669716}"
EndProject
Global
	GlobalSection(SolutionConfigurationPlatforms) = preSolution
		Debug|Any CPU = Debug|Any CPU
		Release|Any CPU = Release|Any CPU
	EndGlobalSection
	GlobalSection(ProjectConfigurationPlatforms) = postSolution
		{FE8AC7CF-3D5D-45CD-B7E2-412A8D669716}.Debug|Any CPU.ActiveCfg = Debug|Any CPU
		{FE8AC7CF-3D5D-45CD-B7E2-412A8D669716}.Debug|Any CPU.Build.0 = Debug|Any CPU
		{FE8AC7CF-3D5D-45CD-B7E2-412A8D669716}.Release|Any CPU.ActiveCfg = Release|Any CPU
		{FE8AC7CF-3D5D-45CD-B7E2-412A8D669716}.Release|Any CPU.Build.0 = Release|Any CPU
	EndGlobalSection
	GlobalSection(SolutionProperties) = preSolution
		HideSolutionNode = FALSE
	EndGlobalSection
	GlobalSection(ExtensibilityGlobals) = postSolution
		SolutionGuid = {8CD6A850-64A6-4CFE-980B-237923FCD0E2}
	EndGlobalSection
EndGlobal
