
Microsoft Visual Studio Solution File, Format Version 12.00
# Visual Studio Version 17
VisualStudioVersion = 17.14.37012.4 d17.14
MinimumVisualStudioVersion = 10.0.40219.1
Project("{FAE04EC0-301F-11D3-BF4B-00C04F79EFBC}") = "Ex22", "Ex22.csproj", "{B5E39A6F-61E4-4983-A277-90BEE05A463A}"
EndProject
Global
	GlobalSection(SolutionConfigurationPlatforms) = preSolution
		Debug|Any CPU = Debug|Any CPU
		Release|Any CPU = Release|Any CPU
	EndGlobalSection
	GlobalSection(ProjectConfigurationPlatforms) = postSolution
		{B5E39A6F-61E4-4983-A277-90BEE05A463A}.Debug|Any CPU.ActiveCfg = Debug|Any CPU
		{B5E39A6F-61E4-4983-A277-90BEE05A463A}.Debug|Any CPU.Build.0 = Debug|Any CPU
		{B5E39A6F-61E4-4983-A277-90BEE05A463A}.Release|Any CPU.ActiveCfg = Release|Any CPU
		{B5E39A6F-61E4-4983-A277-90BEE05A463A}.Release|Any CPU.Build.0 = Release|Any CPU
	EndGlobalSection
	GlobalSection(SolutionProperties) = preSolution
		HideSolutionNode = FALSE
	EndGlobalSection
	GlobalSection(ExtensibilityGlobals) = postSolution
		SolutionGuid = {D282B350-75C3-49CA-81FE-9E1B6A0EBB58}
	EndGlobalSection
EndGlobal
