
Microsoft Visual Studio Solution File, Format Version 12.00
# Visual Studio Version 17
VisualStudioVersion = 17.14.37012.4 d17.14
MinimumVisualStudioVersion = 10.0.40219.1
Project("{FAE04EC0-301F-11D3-BF4B-00C04F79EFBC}") = "Ex2", "Ex2.csproj", "{3E20100F-60E4-4DCE-A641-CA6AED19F07C}"
EndProject
Global
	GlobalSection(SolutionConfigurationPlatforms) = preSolution
		Debug|Any CPU = Debug|Any CPU
		Release|Any CPU = Release|Any CPU
	EndGlobalSection
	GlobalSection(ProjectConfigurationPlatforms) = postSolution
		{3E20100F-60E4-4DCE-A641-CA6AED19F07C}.Debug|Any CPU.ActiveCfg = Debug|Any CPU
		{3E20100F-60E4-4DCE-A641-CA6AED19F07C}.Debug|Any CPU.Build.0 = Debug|Any CPU
		{3E20100F-60E4-4DCE-A641-CA6AED19F07C}.Release|Any CPU.ActiveCfg = Release|Any CPU
		{3E20100F-60E4-4DCE-A641-CA6AED19F07C}.Release|Any CPU.Build.0 = Release|Any CPU
	EndGlobalSection
	GlobalSection(SolutionProperties) = preSolution
		HideSolutionNode = FALSE
	EndGlobalSection
	GlobalSection(ExtensibilityGlobals) = postSolution
		SolutionGuid = {5F22A80C-89CE-4AA9-995C-218E0A3FD4C8}
	EndGlobalSection
EndGlobal
