
Microsoft Visual Studio Solution File, Format Version 12.00
# Visual Studio Version 17
VisualStudioVersion = 17.14.37012.4 d17.14
MinimumVisualStudioVersion = 10.0.40219.1
Project("{FAE04EC0-301F-11D3-BF4B-00C04F79EFBC}") = "Ex16", "Ex16.csproj", "{33CB3D81-B686-489A-9215-3DE6772DB17D}"
EndProject
Global
	GlobalSection(SolutionConfigurationPlatforms) = preSolution
		Debug|Any CPU = Debug|Any CPU
		Release|Any CPU = Release|Any CPU
	EndGlobalSection
	GlobalSection(ProjectConfigurationPlatforms) = postSolution
		{33CB3D81-B686-489A-9215-3DE6772DB17D}.Debug|Any CPU.ActiveCfg = Debug|Any CPU
		{33CB3D81-B686-489A-9215-3DE6772DB17D}.Debug|Any CPU.Build.0 = Debug|Any CPU
		{33CB3D81-B686-489A-9215-3DE6772DB17D}.Release|Any CPU.ActiveCfg = Release|Any CPU
		{33CB3D81-B686-489A-9215-3DE6772DB17D}.Release|Any CPU.Build.0 = Release|Any CPU
	EndGlobalSection
	GlobalSection(SolutionProperties) = preSolution
		HideSolutionNode = FALSE
	EndGlobalSection
	GlobalSection(ExtensibilityGlobals) = postSolution
		SolutionGuid = {328FEF36-7784-4C84-AFEF-5821BF030EBB}
	EndGlobalSection
EndGlobal
